{
  "name": "sass-css-library",
  "version": "1.0.0",
  "lockfileVersion": 2,
  "requires": true,
  "packages": {
    "": {
      "version": "1.0.0",
      "license": "ISC",
      "devDependencies": {
        "gulp": "npm:null@*",
        "gulp-sass": "npm:null@*",
        "sass": "npm:null@*"
      }
    },
    "node_modules/gulp": {
      "dev": true
    },
    "node_modules/gulp-sass": {
      "dev": true
    },
    "node_modules/sass": {
      "dev": true
    }
  },
  "dependencies": {
    "gulp": {
      "dev": true
    },
    "gulp-sass": {
      "dev": true
    },
    "sass": {
      "dev": true
    }
  }
}
